# This file is automatically @generated by Poetry 1.8.3 and should not be changed by hand.

[[package]]
name = "restrictedpython"
version = "7.2"
description = "RestrictedPython is a defined subset of the Python language which allows to provide a program input into a trusted environment."
optional = false
python-versions = "<3.13,>=3.7"
files = [
    {file = "RestrictedPython-7.2-py3-none-any.whl", hash = "sha256:139cb41da6e57521745a566d05825f7a09e6a884f7fa922568cff0a70b84ce6b"},
    {file = "RestrictedPython-7.2.tar.gz", hash = "sha256:4d1d30f709a6621ca7c4236f08b67b732a651c8099145f137078c7dd4bed3d21"},
]

[package.extras]
docs = ["Sphinx", "sphinx-rtd-theme"]
test = ["pytest", "pytest-mock"]

[metadata]
lock-version = "2.0"
python-versions = "3.11"
content-hash = "4d946b1057f25cb1ea51ffc9e264fd24d3b38b025efc61e4f16673513c35a518"
